// !$*UTF8*$!
{
	archiveVersion = 1;
	classes = {
	};
	objectVersion = 56;
	objects = {

/* Begin PBXBuildFile section */
		3548FE0A2C877D3400057FE8 /* NetworkingManager.swift in Sources */ = {isa = PBXBuildFile; fileRef = 3548FE092C877D3400057FE8 /* NetworkingManager.swift */; };
		3548FE0D2C877EAB00057FE8 /* HttpMethod.swift in Sources */ = {isa = PBXBuildFile; fileRef = 3548FE0C2C877EAB00057FE8 /* HttpMethod.swift */; };
		3548FE0F2C877F8C00057FE8 /* APIConstants.swift in Sources */ = {isa = PBXBuildFile; fileRef = 3548FE0E2C877F8C00057FE8 /* APIConstants.swift */; };
		3548FE142C8782A000057FE8 /* Request.swift in Sources */ = {isa = PBXBuildFile; fileRef = 3548FE132C8782A000057FE8 /* Request.swift */; };
		3548FE172C8784A000057FE8 /* NetworkingError.swift in Sources */ = {isa = PBXBuildFile; fileRef = 3548FE162C8784A000057FE8 /* NetworkingError.swift */; };
		3548FE192C879D5200057FE8 /* StatsPresenter.swift in Sources */ = {isa = PBXBuildFile; fileRef = 3548FE182C879D5200057FE8 /* StatsPresenter.swift */; };
		3548FE1B2C879D5800057FE8 /* StatsInteractor.swift in Sources */ = {isa = PBXBuildFile; fileRef = 3548FE1A2C879D5800057FE8 /* StatsInteractor.swift */; };
		3548FE1D2C879D5F00057FE8 /* StatsRouter.swift in Sources */ = {isa = PBXBuildFile; fileRef = 3548FE1C2C879D5F00057FE8 /* StatsRouter.swift */; };
		3548FE1F2C87A66C00057FE8 /* TournamentsPresenter.swift in Sources */ = {isa = PBXBuildFile; fileRef = 3548FE1E2C87A66C00057FE8 /* TournamentsPresenter.swift */; };
		3548FE212C87A67500057FE8 /* TournamentsInteractor.swift in Sources */ = {isa = PBXBuildFile; fileRef = 3548FE202C87A67500057FE8 /* TournamentsInteractor.swift */; };
		3548FE232C87A67C00057FE8 /* TournamentsRouter.swift in Sources */ = {isa = PBXBuildFile; fileRef = 3548FE222C87A67C00057FE8 /* TournamentsRouter.swift */; };
		3548FE262C87B0DD00057FE8 /* EventsResponse.swift in Sources */ = {isa = PBXBuildFile; fileRef = 3548FE252C87B0DD00057FE8 /* EventsResponse.swift */; };
		3548FE282C87B9E600057FE8 /* EventWindow.swift in Sources */ = {isa = PBXBuildFile; fileRef = 3548FE272C87B9E600057FE8 /* EventWindow.swift */; };
		3548FE2E2C87FB3E00057FE8 /* RegionPicker.swift in Sources */ = {isa = PBXBuildFile; fileRef = 3548FE2D2C87FB3E00057FE8 /* RegionPicker.swift */; };
		35C375BE2C88F7DE004544FB /* TournamentsRepository.swift in Sources */ = {isa = PBXBuildFile; fileRef = 35C375BD2C88F7DE004544FB /* TournamentsRepository.swift */; };
		35C375C02C88F837004544FB /* Region.swift in Sources */ = {isa = PBXBuildFile; fileRef = 35C375BF2C88F837004544FB /* Region.swift */; };
		35C375C42C8933A5004544FB /* TournamentCollectionViewCell.swift in Sources */ = {isa = PBXBuildFile; fileRef = 35C375C32C8933A5004544FB /* TournamentCollectionViewCell.swift */; };
		35C375C62C893C62004544FB /* TournamentsSection.swift in Sources */ = {isa = PBXBuildFile; fileRef = 35C375C52C893C62004544FB /* TournamentsSection.swift */; };
		35C375C82C894A55004544FB /* SectionHeaderCollectionReusableView.swift in Sources */ = {isa = PBXBuildFile; fileRef = 35C375C72C894A55004544FB /* SectionHeaderCollectionReusableView.swift */; };
		35C375CB2C895169004544FB /* NetworkImageHelper.swift in Sources */ = {isa = PBXBuildFile; fileRef = 35C375CA2C895169004544FB /* NetworkImageHelper.swift */; };
		35C375CD2C8952C4004544FB /* ImageCacheError.swift in Sources */ = {isa = PBXBuildFile; fileRef = 35C375CC2C8952C4004544FB /* ImageCacheError.swift */; };
		35C82D702C82257D008D6047 /* AppDelegate.swift in Sources */ = {isa = PBXBuildFile; fileRef = 35C82D6F2C82257D008D6047 /* AppDelegate.swift */; };
		35C82D722C82257D008D6047 /* SceneDelegate.swift in Sources */ = {isa = PBXBuildFile; fileRef = 35C82D712C82257D008D6047 /* SceneDelegate.swift */; };
		35C82D742C82257D008D6047 /* MainTabBar.swift in Sources */ = {isa = PBXBuildFile; fileRef = 35C82D732C82257D008D6047 /* MainTabBar.swift */; };
		35C82D792C82257E008D6047 /* Assets.xcassets in Resources */ = {isa = PBXBuildFile; fileRef = 35C82D782C82257E008D6047 /* Assets.xcassets */; };
		35C82D7C2C82257E008D6047 /* Base in Resources */ = {isa = PBXBuildFile; fileRef = 35C82D7B2C82257E008D6047 /* Base */; };
		35C82D8A2C822C0C008D6047 /* StatsViewController.swift in Sources */ = {isa = PBXBuildFile; fileRef = 35C82D892C822C0C008D6047 /* StatsViewController.swift */; };
		35C82D8D2C822C27008D6047 /* TournamentsViewController.swift in Sources */ = {isa = PBXBuildFile; fileRef = 35C82D8C2C822C27008D6047 /* TournamentsViewController.swift */; };
/* End PBXBuildFile section */

/* Begin PBXFileReference section */
		3548FE092C877D3400057FE8 /* NetworkingManager.swift */ = {isa = PBXFileReference; lastKnownFileType = sourcecode.swift; path = NetworkingManager.swift; sourceTree = "<group>"; };
		3548FE0C2C877EAB00057FE8 /* HttpMethod.swift */ = {isa = PBXFileReference; lastKnownFileType = sourcecode.swift; path = HttpMethod.swift; sourceTree = "<group>"; };
		3548FE0E2C877F8C00057FE8 /* APIConstants.swift */ = {isa = PBXFileReference; lastKnownFileType = sourcecode.swift; path = APIConstants.swift; sourceTree = "<group>"; };
		3548FE132C8782A000057FE8 /* Request.swift */ = {isa = PBXFileReference; lastKnownFileType = sourcecode.swift; path = Request.swift; sourceTree = "<group>"; };
		3548FE162C8784A000057FE8 /* NetworkingError.swift */ = {isa = PBXFileReference; lastKnownFileType = sourcecode.swift; path = NetworkingError.swift; sourceTree = "<group>"; };
		3548FE182C879D5200057FE8 /* StatsPresenter.swift */ = {isa = PBXFileReference; lastKnownFileType = sourcecode.swift; path = StatsPresenter.swift; sourceTree = "<group>"; };
		3548FE1A2C879D5800057FE8 /* StatsInteractor.swift */ = {isa = PBXFileReference; lastKnownFileType = sourcecode.swift; path = StatsInteractor.swift; sourceTree = "<group>"; };
		3548FE1C2C879D5F00057FE8 /* StatsRouter.swift */ = {isa = PBXFileReference; lastKnownFileType = sourcecode.swift; path = StatsRouter.swift; sourceTree = "<group>"; };
		3548FE1E2C87A66C00057FE8 /* TournamentsPresenter.swift */ = {isa = PBXFileReference; lastKnownFileType = sourcecode.swift; path = TournamentsPresenter.swift; sourceTree = "<group>"; };
		3548FE202C87A67500057FE8 /* TournamentsInteractor.swift */ = {isa = PBXFileReference; lastKnownFileType = sourcecode.swift; path = TournamentsInteractor.swift; sourceTree = "<group>"; };
		3548FE222C87A67C00057FE8 /* TournamentsRouter.swift */ = {isa = PBXFileReference; lastKnownFileType = sourcecode.swift; path = TournamentsRouter.swift; sourceTree = "<group>"; };
		3548FE252C87B0DD00057FE8 /* EventsResponse.swift */ = {isa = PBXFileReference; lastKnownFileType = sourcecode.swift; path = EventsResponse.swift; sourceTree = "<group>"; };
		3548FE272C87B9E600057FE8 /* EventWindow.swift */ = {isa = PBXFileReference; lastKnownFileType = sourcecode.swift; path = EventWindow.swift; sourceTree = "<group>"; };
		3548FE2D2C87FB3E00057FE8 /* RegionPicker.swift */ = {isa = PBXFileReference; lastKnownFileType = sourcecode.swift; path = RegionPicker.swift; sourceTree = "<group>"; };
		35C375BD2C88F7DE004544FB /* TournamentsRepository.swift */ = {isa = PBXFileReference; lastKnownFileType = sourcecode.swift; path = TournamentsRepository.swift; sourceTree = "<group>"; };
		35C375BF2C88F837004544FB /* Region.swift */ = {isa = PBXFileReference; lastKnownFileType = sourcecode.swift; path = Region.swift; sourceTree = "<group>"; };
		35C375C32C8933A5004544FB /* TournamentCollectionViewCell.swift */ = {isa = PBXFileReference; lastKnownFileType = sourcecode.swift; path = TournamentCollectionViewCell.swift; sourceTree = "<group>"; };
		35C375C52C893C62004544FB /* TournamentsSection.swift */ = {isa = PBXFileReference; lastKnownFileType = sourcecode.swift; path = TournamentsSection.swift; sourceTree = "<group>"; };
		35C375C72C894A55004544FB /* SectionHeaderCollectionReusableView.swift */ = {isa = PBXFileReference; lastKnownFileType = sourcecode.swift; path = SectionHeaderCollectionReusableView.swift; sourceTree = "<group>"; };
		35C375CA2C895169004544FB /* NetworkImageHelper.swift */ = {isa = PBXFileReference; lastKnownFileType = sourcecode.swift; path = NetworkImageHelper.swift; sourceTree = "<group>"; };
		35C375CC2C8952C4004544FB /* ImageCacheError.swift */ = {isa = PBXFileReference; lastKnownFileType = sourcecode.swift; path = ImageCacheError.swift; sourceTree = "<group>"; };
		35C82D6C2C82257D008D6047 /* FortniteApp.app */ = {isa = PBXFileReference; explicitFileType = wrapper.application; includeInIndex = 0; path = FortniteApp.app; sourceTree = BUILT_PRODUCTS_DIR; };
		35C82D6F2C82257D008D6047 /* AppDelegate.swift */ = {isa = PBXFileReference; lastKnownFileType = sourcecode.swift; path = AppDelegate.swift; sourceTree = "<group>"; };
		35C82D712C82257D008D6047 /* SceneDelegate.swift */ = {isa = PBXFileReference; lastKnownFileType = sourcecode.swift; path = SceneDelegate.swift; sourceTree = "<group>"; };
		35C82D732C82257D008D6047 /* MainTabBar.swift */ = {isa = PBXFileReference; lastKnownFileType = sourcecode.swift; path = MainTabBar.swift; sourceTree = "<group>"; };
		35C82D782C82257E008D6047 /* Assets.xcassets */ = {isa = PBXFileReference; lastKnownFileType = folder.assetcatalog; path = Assets.xcassets; sourceTree = "<group>"; };
		35C82D7B2C82257E008D6047 /* Base */ = {isa = PBXFileReference; lastKnownFileType = file.storyboard; name = Base; path = Base.lproj/LaunchScreen.storyboard; sourceTree = "<group>"; };
		35C82D7D2C82257E008D6047 /* Info.plist */ = {isa = PBXFileReference; lastKnownFileType = text.plist.xml; path = Info.plist; sourceTree = "<group>"; };
		35C82D892C822C0C008D6047 /* StatsViewController.swift */ = {isa = PBXFileReference; lastKnownFileType = sourcecode.swift; path = StatsViewController.swift; sourceTree = "<group>"; };
		35C82D8C2C822C27008D6047 /* TournamentsViewController.swift */ = {isa = PBXFileReference; lastKnownFileType = sourcecode.swift; path = TournamentsViewController.swift; sourceTree = "<group>"; };
/* End PBXFileReference section */

/* Begin PBXFrameworksBuildPhase section */
		35C82D692C82257D008D6047 /* Frameworks */ = {
			isa = PBXFrameworksBuildPhase;
			buildActionMask = 2147483647;
			files = (
			);
			runOnlyForDeploymentPostprocessing = 0;
		};
/* End PBXFrameworksBuildPhase section */

/* Begin PBXGroup section */
		3548FE082C877CDF00057FE8 /* Managers */ = {
			isa = PBXGroup;
			children = (
				3548FE122C87829600057FE8 /* Networking */,
			);
			path = Managers;
			sourceTree = "<group>";
		};
		3548FE0B2C877E9B00057FE8 /* Utils */ = {
			isa = PBXGroup;
			children = (
				35C375C92C895142004544FB /* Helpers */,
				3548FE152C87849700057FE8 /* Errors */,
				3548FE112C877FA700057FE8 /* Constants */,
				3548FE102C877F9400057FE8 /* Enums */,
			);
			path = Utils;
			sourceTree = "<group>";
		};
		3548FE102C877F9400057FE8 /* Enums */ = {
			isa = PBXGroup;
			children = (
				3548FE0C2C877EAB00057FE8 /* HttpMethod.swift */,
				35C375BF2C88F837004544FB /* Region.swift */,
				35C375C52C893C62004544FB /* TournamentsSection.swift */,
			);
			path = Enums;
			sourceTree = "<group>";
		};
		3548FE112C877FA700057FE8 /* Constants */ = {
			isa = PBXGroup;
			children = (
				3548FE0E2C877F8C00057FE8 /* APIConstants.swift */,
			);
			path = Constants;
			sourceTree = "<group>";
		};
		3548FE122C87829600057FE8 /* Networking */ = {
			isa = PBXGroup;
			children = (
				3548FE092C877D3400057FE8 /* NetworkingManager.swift */,
				3548FE132C8782A000057FE8 /* Request.swift */,
			);
			path = Networking;
			sourceTree = "<group>";
		};
		3548FE152C87849700057FE8 /* Errors */ = {
			isa = PBXGroup;
			children = (
				3548FE162C8784A000057FE8 /* NetworkingError.swift */,
				35C375CC2C8952C4004544FB /* ImageCacheError.swift */,
			);
			path = Errors;
			sourceTree = "<group>";
		};
		3548FE242C87B0AF00057FE8 /* Models */ = {
			isa = PBXGroup;
			children = (
				3548FE252C87B0DD00057FE8 /* EventsResponse.swift */,
				3548FE272C87B9E600057FE8 /* EventWindow.swift */,
			);
			path = Models;
			sourceTree = "<group>";
		};
		35C375BA2C88B04C004544FB /* Data */ = {
			isa = PBXGroup;
			children = (
				35C375BB2C88B053004544FB /* Repositories */,
			);
			path = Data;
			sourceTree = "<group>";
		};
		35C375BB2C88B053004544FB /* Repositories */ = {
			isa = PBXGroup;
			children = (
				35C375BD2C88F7DE004544FB /* TournamentsRepository.swift */,
			);
			path = Repositories;
			sourceTree = "<group>";
		};
		35C375BC2C88F516004544FB /* Subviews */ = {
			isa = PBXGroup;
			children = (
				3548FE2D2C87FB3E00057FE8 /* RegionPicker.swift */,
				35C375C32C8933A5004544FB /* TournamentCollectionViewCell.swift */,
				35C375C72C894A55004544FB /* SectionHeaderCollectionReusableView.swift */,
			);
			path = Subviews;
			sourceTree = "<group>";
		};
		35C375C92C895142004544FB /* Helpers */ = {
			isa = PBXGroup;
			children = (
				35C375CA2C895169004544FB /* NetworkImageHelper.swift */,
			);
			path = Helpers;
			sourceTree = "<group>";
		};
		35C82D632C82257D008D6047 = {
			isa = PBXGroup;
			children = (
				35C82D6E2C82257D008D6047 /* FortniteApp */,
				35C82D6D2C82257D008D6047 /* Products */,
			);
			sourceTree = "<group>";
		};
		35C82D6D2C82257D008D6047 /* Products */ = {
			isa = PBXGroup;
			children = (
				35C82D6C2C82257D008D6047 /* FortniteApp.app */,
			);
			name = Products;
			sourceTree = "<group>";
		};
		35C82D6E2C82257D008D6047 /* FortniteApp */ = {
			isa = PBXGroup;
			children = (
				35C375BA2C88B04C004544FB /* Data */,
				3548FE242C87B0AF00057FE8 /* Models */,
				35C82D862C822B44008D6047 /* Scenes */,
				3548FE082C877CDF00057FE8 /* Managers */,
				3548FE0B2C877E9B00057FE8 /* Utils */,
				35C82D842C8229B2008D6047 /* Application */,
				35C82D852C8229C5008D6047 /* Resources */,
				35C82D7D2C82257E008D6047 /* Info.plist */,
			);
			path = FortniteApp;
			sourceTree = "<group>";
		};
		35C82D842C8229B2008D6047 /* Application */ = {
			isa = PBXGroup;
			children = (
				35C82D6F2C82257D008D6047 /* AppDelegate.swift */,
				35C82D712C82257D008D6047 /* SceneDelegate.swift */,
			);
			path = Application;
			sourceTree = "<group>";
		};
		35C82D852C8229C5008D6047 /* Resources */ = {
			isa = PBXGroup;
			children = (
				35C82D782C82257E008D6047 /* Assets.xcassets */,
				35C82D7A2C82257E008D6047 /* LaunchScreen.storyboard */,
			);
			path = Resources;
			sourceTree = "<group>";
		};
		35C82D862C822B44008D6047 /* Scenes */ = {
			isa = PBXGroup;
			children = (
				35C82D8B2C822C12008D6047 /* Tournaments */,
				35C82D882C822BFC008D6047 /* Stats */,
				35C82D872C822B49008D6047 /* MainTabBar */,
			);
			path = Scenes;
			sourceTree = "<group>";
		};
		35C82D872C822B49008D6047 /* MainTabBar */ = {
			isa = PBXGroup;
			children = (
				35C82D732C82257D008D6047 /* MainTabBar.swift */,
			);
			path = MainTabBar;
			sourceTree = "<group>";
		};
		35C82D882C822BFC008D6047 /* Stats */ = {
			isa = PBXGroup;
			children = (
				35C82D892C822C0C008D6047 /* StatsViewController.swift */,
				3548FE182C879D5200057FE8 /* StatsPresenter.swift */,
				3548FE1A2C879D5800057FE8 /* StatsInteractor.swift */,
				3548FE1C2C879D5F00057FE8 /* StatsRouter.swift */,
			);
			path = Stats;
			sourceTree = "<group>";
		};
		35C82D8B2C822C12008D6047 /* Tournaments */ = {
			isa = PBXGroup;
			children = (
				35C375BC2C88F516004544FB /* Subviews */,
				35C82D8C2C822C27008D6047 /* TournamentsViewController.swift */,
				3548FE1E2C87A66C00057FE8 /* TournamentsPresenter.swift */,
				3548FE202C87A67500057FE8 /* TournamentsInteractor.swift */,
				3548FE222C87A67C00057FE8 /* TournamentsRouter.swift */,
			);
			path = Tournaments;
			sourceTree = "<group>";
		};
/* End PBXGroup section */

/* Begin PBXNativeTarget section */
		35C82D6B2C82257D008D6047 /* FortniteApp */ = {
			isa = PBXNativeTarget;
			buildConfigurationList = 35C82D802C82257E008D6047 /* Build configuration list for PBXNativeTarget "FortniteApp" */;
			buildPhases = (
				35C82D682C82257D008D6047 /* Sources */,
				35C82D692C82257D008D6047 /* Frameworks */,
				35C82D6A2C82257D008D6047 /* Resources */,
			);
			buildRules = (
			);
			dependencies = (
			);
			name = FortniteApp;
			productName = FortniteApp;
			productReference = 35C82D6C2C82257D008D6047 /* FortniteApp.app */;
			productType = "com.apple.product-type.application";
		};
/* End PBXNativeTarget section */

/* Begin PBXProject section */
		35C82D642C82257D008D6047 /* Project object */ = {
			isa = PBXProject;
			attributes = {
				BuildIndependentTargetsInParallel = 1;
				LastSwiftUpdateCheck = 1530;
				LastUpgradeCheck = 1530;
				TargetAttributes = {
					35C82D6B2C82257D008D6047 = {
						CreatedOnToolsVersion = 15.3;
					};
				};
			};
			buildConfigurationList = 35C82D672C82257D008D6047 /* Build configuration list for PBXProject "FortniteApp" */;
			compatibilityVersion = "Xcode 14.0";
			developmentRegion = en;
			hasScannedForEncodings = 0;
			knownRegions = (
				en,
				Base,
			);
			mainGroup = 35C82D632C82257D008D6047;
			productRefGroup = 35C82D6D2C82257D008D6047 /* Products */;
			projectDirPath = "";
			projectRoot = "";
			targets = (
				35C82D6B2C82257D008D6047 /* FortniteApp */,
			);
		};
/* End PBXProject section */

/* Begin PBXResourcesBuildPhase section */
		35C82D6A2C82257D008D6047 /* Resources */ = {
			isa = PBXResourcesBuildPhase;
			buildActionMask = 2147483647;
			files = (
				35C82D792C82257E008D6047 /* Assets.xcassets in Resources */,
				35C82D7C2C82257E008D6047 /* Base in Resources */,
			);
			runOnlyForDeploymentPostprocessing = 0;
		};
/* End PBXResourcesBuildPhase section */

/* Begin PBXSourcesBuildPhase section */
		35C82D682C82257D008D6047 /* Sources */ = {
			isa = PBXSourcesBuildPhase;
			buildActionMask = 2147483647;
			files = (
				35C82D8D2C822C27008D6047 /* TournamentsViewController.swift in Sources */,
				3548FE1D2C879D5F00057FE8 /* StatsRouter.swift in Sources */,
				35C82D742C82257D008D6047 /* MainTabBar.swift in Sources */,
				3548FE2E2C87FB3E00057FE8 /* RegionPicker.swift in Sources */,
				3548FE232C87A67C00057FE8 /* TournamentsRouter.swift in Sources */,
				3548FE282C87B9E600057FE8 /* EventWindow.swift in Sources */,
				3548FE1F2C87A66C00057FE8 /* TournamentsPresenter.swift in Sources */,
				35C82D702C82257D008D6047 /* AppDelegate.swift in Sources */,
				3548FE212C87A67500057FE8 /* TournamentsInteractor.swift in Sources */,
				35C375CD2C8952C4004544FB /* ImageCacheError.swift in Sources */,
				3548FE0D2C877EAB00057FE8 /* HttpMethod.swift in Sources */,
				3548FE172C8784A000057FE8 /* NetworkingError.swift in Sources */,
				3548FE0F2C877F8C00057FE8 /* APIConstants.swift in Sources */,
				35C375C82C894A55004544FB /* SectionHeaderCollectionReusableView.swift in Sources */,
				3548FE1B2C879D5800057FE8 /* StatsInteractor.swift in Sources */,
				3548FE0A2C877D3400057FE8 /* NetworkingManager.swift in Sources */,
				35C375BE2C88F7DE004544FB /* TournamentsRepository.swift in Sources */,
				3548FE192C879D5200057FE8 /* StatsPresenter.swift in Sources */,
				35C375C62C893C62004544FB /* TournamentsSection.swift in Sources */,
				35C82D8A2C822C0C008D6047 /* StatsViewController.swift in Sources */,
				35C375C42C8933A5004544FB /* TournamentCollectionViewCell.swift in Sources */,
				35C375CB2C895169004544FB /* NetworkImageHelper.swift in Sources */,
				3548FE262C87B0DD00057FE8 /* EventsResponse.swift in Sources */,
				35C375C02C88F837004544FB /* Region.swift in Sources */,
				3548FE142C8782A000057FE8 /* Request.swift in Sources */,
				35C82D722C82257D008D6047 /* SceneDelegate.swift in Sources */,
			);
			runOnlyForDeploymentPostprocessing = 0;
		};
/* End PBXSourcesBuildPhase section */

/* Begin PBXVariantGroup section */
		35C82D7A2C82257E008D6047 /* LaunchScreen.storyboard */ = {
			isa = PBXVariantGroup;
			children = (
				35C82D7B2C82257E008D6047 /* Base */,
			);
			name = LaunchScreen.storyboard;
			sourceTree = "<group>";
		};
/* End PBXVariantGroup section */

/* Begin XCBuildConfiguration section */
		35C82D7E2C82257E008D6047 /* Debug */ = {
			isa = XCBuildConfiguration;
			buildSettings = {
				ALWAYS_SEARCH_USER_PATHS = NO;
				ASSETCATALOG_COMPILER_GENERATE_SWIFT_ASSET_SYMBOL_EXTENSIONS = YES;
				CLANG_ANALYZER_NONNULL = YES;
				CLANG_ANALYZER_NUMBER_OBJECT_CONVERSION = YES_AGGRESSIVE;
				CLANG_CXX_LANGUAGE_STANDARD = "gnu++20";
				CLANG_ENABLE_MODULES = YES;
				CLANG_ENABLE_OBJC_ARC = YES;
				CLANG_ENABLE_OBJC_WEAK = YES;
				CLANG_WARN_BLOCK_CAPTURE_AUTORELEASING = YES;
				CLANG_WARN_BOOL_CONVERSION = YES;
				CLANG_WARN_COMMA = YES;
				CLANG_WARN_CONSTANT_CONVERSION = YES;
				CLANG_WARN_DEPRECATED_OBJC_IMPLEMENTATIONS = YES;
				CLANG_WARN_DIRECT_OBJC_ISA_USAGE = YES_ERROR;
				CLANG_WARN_DOCUMENTATION_COMMENTS = YES;
				CLANG_WARN_EMPTY_BODY = YES;
				CLANG_WARN_ENUM_CONVERSION = YES;
				CLANG_WARN_INFINITE_RECURSION = YES;
				CLANG_WARN_INT_CONVERSION = YES;
				CLANG_WARN_NON_LITERAL_NULL_CONVERSION = YES;
				CLANG_WARN_OBJC_IMPLICIT_RETAIN_SELF = YES;
				CLANG_WARN_OBJC_LITERAL_CONVERSION = YES;
				CLANG_WARN_OBJC_ROOT_CLASS = YES_ERROR;
				CLANG_WARN_QUOTED_INCLUDE_IN_FRAMEWORK_HEADER = YES;
				CLANG_WARN_RANGE_LOOP_ANALYSIS = YES;
				CLANG_WARN_STRICT_PROTOTYPES = YES;
				CLANG_WARN_SUSPICIOUS_MOVE = YES;
				CLANG_WARN_UNGUARDED_AVAILABILITY = YES_AGGRESSIVE;
				CLANG_WARN_UNREACHABLE_CODE = YES;
				CLANG_WARN__DUPLICATE_METHOD_MATCH = YES;
				COPY_PHASE_STRIP = NO;
				DEBUG_INFORMATION_FORMAT = dwarf;
				ENABLE_STRICT_OBJC_MSGSEND = YES;
				ENABLE_TESTABILITY = YES;
				ENABLE_USER_SCRIPT_SANDBOXING = YES;
				GCC_C_LANGUAGE_STANDARD = gnu17;
				GCC_DYNAMIC_NO_PIC = NO;
				GCC_NO_COMMON_BLOCKS = YES;
				GCC_OPTIMIZATION_LEVEL = 0;
				GCC_PREPROCESSOR_DEFINITIONS = (
					"DEBUG=1",
					"$(inherited)",
				);
				GCC_WARN_64_TO_32_BIT_CONVERSION = YES;
				GCC_WARN_ABOUT_RETURN_TYPE = YES_ERROR;
				GCC_WARN_UNDECLARED_SELECTOR = YES;
				GCC_WARN_UNINITIALIZED_AUTOS = YES_AGGRESSIVE;
				GCC_WARN_UNUSED_FUNCTION = YES;
				GCC_WARN_UNUSED_VARIABLE = YES;
				IPHONEOS_DEPLOYMENT_TARGET = 17.4;
				LOCALIZATION_PREFERS_STRING_CATALOGS = YES;
				MTL_ENABLE_DEBUG_INFO = INCLUDE_SOURCE;
				MTL_FAST_MATH = YES;
				ONLY_ACTIVE_ARCH = YES;
				SDKROOT = iphoneos;
				SWIFT_ACTIVE_COMPILATION_CONDITIONS = "DEBUG $(inherited)";
				SWIFT_OPTIMIZATION_LEVEL = "-Onone";
			};
			name = Debug;
		};
		35C82D7F2C82257E008D6047 /* Release */ = {
			isa = XCBuildConfiguration;
			buildSettings = {
				ALWAYS_SEARCH_USER_PATHS = NO;
				ASSETCATALOG_COMPILER_GENERATE_SWIFT_ASSET_SYMBOL_EXTENSIONS = YES;
				CLANG_ANALYZER_NONNULL = YES;
				CLANG_ANALYZER_NUMBER_OBJECT_CONVERSION = YES_AGGRESSIVE;
				CLANG_CXX_LANGUAGE_STANDARD = "gnu++20";
				CLANG_ENABLE_MODULES = YES;
				CLANG_ENABLE_OBJC_ARC = YES;
				CLANG_ENABLE_OBJC_WEAK = YES;
				CLANG_WARN_BLOCK_CAPTURE_AUTORELEASING = YES;
				CLANG_WARN_BOOL_CONVERSION = YES;
				CLANG_WARN_COMMA = YES;
				CLANG_WARN_CONSTANT_CONVERSION = YES;
				CLANG_WARN_DEPRECATED_OBJC_IMPLEMENTATIONS = YES;
				CLANG_WARN_DIRECT_OBJC_ISA_USAGE = YES_ERROR;
				CLANG_WARN_DOCUMENTATION_COMMENTS = YES;
				CLANG_WARN_EMPTY_BODY = YES;
				CLANG_WARN_ENUM_CONVERSION = YES;
				CLANG_WARN_INFINITE_RECURSION = YES;
				CLANG_WARN_INT_CONVERSION = YES;
				CLANG_WARN_NON_LITERAL_NULL_CONVERSION = YES;
				CLANG_WARN_OBJC_IMPLICIT_RETAIN_SELF = YES;
				CLANG_WARN_OBJC_LITERAL_CONVERSION = YES;
				CLANG_WARN_OBJC_ROOT_CLASS = YES_ERROR;
				CLANG_WARN_QUOTED_INCLUDE_IN_FRAMEWORK_HEADER = YES;
				CLANG_WARN_RANGE_LOOP_ANALYSIS = YES;
				CLANG_WARN_STRICT_PROTOTYPES = YES;
				CLANG_WARN_SUSPICIOUS_MOVE = YES;
				CLANG_WARN_UNGUARDED_AVAILABILITY = YES_AGGRESSIVE;
				CLANG_WARN_UNREACHABLE_CODE = YES;
				CLANG_WARN__DUPLICATE_METHOD_MATCH = YES;
				COPY_PHASE_STRIP = NO;
				DEBUG_INFORMATION_FORMAT = "dwarf-with-dsym";
				ENABLE_NS_ASSERTIONS = NO;
				ENABLE_STRICT_OBJC_MSGSEND = YES;
				ENABLE_USER_SCRIPT_SANDBOXING = YES;
				GCC_C_LANGUAGE_STANDARD = gnu17;
				GCC_NO_COMMON_BLOCKS = YES;
				GCC_WARN_64_TO_32_BIT_CONVERSION = YES;
				GCC_WARN_ABOUT_RETURN_TYPE = YES_ERROR;
				GCC_WARN_UNDECLARED_SELECTOR = YES;
				GCC_WARN_UNINITIALIZED_AUTOS = YES_AGGRESSIVE;
				GCC_WARN_UNUSED_FUNCTION = YES;
				GCC_WARN_UNUSED_VARIABLE = YES;
				IPHONEOS_DEPLOYMENT_TARGET = 17.4;
				LOCALIZATION_PREFERS_STRING_CATALOGS = YES;
				MTL_ENABLE_DEBUG_INFO = NO;
				MTL_FAST_MATH = YES;
				SDKROOT = iphoneos;
				SWIFT_COMPILATION_MODE = wholemodule;
				VALIDATE_PRODUCT = YES;
			};
			name = Release;
		};
		35C82D812C82257E008D6047 /* Debug */ = {
			isa = XCBuildConfiguration;
			buildSettings = {
				ASSETCATALOG_COMPILER_APPICON_NAME = AppIcon;
				ASSETCATALOG_COMPILER_GLOBAL_ACCENT_COLOR_NAME = AccentColor;
				CODE_SIGN_STYLE = Automatic;
				CURRENT_PROJECT_VERSION = 1;
				DEVELOPMENT_TEAM = G5H5524H6J;
				GENERATE_INFOPLIST_FILE = YES;
				INFOPLIST_FILE = FortniteApp/Info.plist;
				INFOPLIST_KEY_UIApplicationSupportsIndirectInputEvents = YES;
				INFOPLIST_KEY_UILaunchStoryboardName = LaunchScreen;
				INFOPLIST_KEY_UISupportedInterfaceOrientations = UIInterfaceOrientationPortrait;
				INFOPLIST_KEY_UISupportedInterfaceOrientations_iPad = "UIInterfaceOrientationLandscapeLeft UIInterfaceOrientationLandscapeRight UIInterfaceOrientationPortrait UIInterfaceOrientationPortraitUpsideDown";
				IPHONEOS_DEPLOYMENT_TARGET = 16.0;
				LD_RUNPATH_SEARCH_PATHS = (
					"$(inherited)",
					"@executable_path/Frameworks",
				);
				MARKETING_VERSION = 1.0;
				PRODUCT_BUNDLE_IDENTIFIER = com.jchernandez.FortniteApp;
				PRODUCT_NAME = "$(TARGET_NAME)";
				SUPPORTED_PLATFORMS = "iphoneos iphonesimulator";
				SUPPORTS_MACCATALYST = NO;
				SUPPORTS_MAC_DESIGNED_FOR_IPHONE_IPAD = NO;
				SUPPORTS_XR_DESIGNED_FOR_IPHONE_IPAD = NO;
				SWIFT_EMIT_LOC_STRINGS = YES;
				SWIFT_VERSION = 5.0;
				TARGETED_DEVICE_FAMILY = 1;
			};
			name = Debug;
		};
		35C82D822C82257E008D6047 /* Release */ = {
			isa = XCBuildConfiguration;
			buildSettings = {
				ASSETCATALOG_COMPILER_APPICON_NAME = AppIcon;
				ASSETCATALOG_COMPILER_GLOBAL_ACCENT_COLOR_NAME = AccentColor;
				CODE_SIGN_STYLE = Automatic;
				CURRENT_PROJECT_VERSION = 1;
				DEVELOPMENT_TEAM = G5H5524H6J;
				GENERATE_INFOPLIST_FILE = YES;
				INFOPLIST_FILE = FortniteApp/Info.plist;
				INFOPLIST_KEY_UIApplicationSupportsIndirectInputEvents = YES;
				INFOPLIST_KEY_UILaunchStoryboardName = LaunchScreen;
				INFOPLIST_KEY_UISupportedInterfaceOrientations = UIInterfaceOrientationPortrait;
				INFOPLIST_KEY_UISupportedInterfaceOrientations_iPad = "UIInterfaceOrientationLandscapeLeft UIInterfaceOrientationLandscapeRight UIInterfaceOrientationPortrait UIInterfaceOrientationPortraitUpsideDown";
				IPHONEOS_DEPLOYMENT_TARGET = 16.0;
				LD_RUNPATH_SEARCH_PATHS = (
					"$(inherited)",
					"@executable_path/Frameworks",
				);
				MARKETING_VERSION = 1.0;
				PRODUCT_BUNDLE_IDENTIFIER = com.jchernandez.FortniteApp;
				PRODUCT_NAME = "$(TARGET_NAME)";
				SUPPORTED_PLATFORMS = "iphoneos iphonesimulator";
				SUPPORTS_MACCATALYST = NO;
				SUPPORTS_MAC_DESIGNED_FOR_IPHONE_IPAD = NO;
				SUPPORTS_XR_DESIGNED_FOR_IPHONE_IPAD = NO;
				SWIFT_EMIT_LOC_STRINGS = YES;
				SWIFT_VERSION = 5.0;
				TARGETED_DEVICE_FAMILY = 1;
			};
			name = Release;
		};
/* End XCBuildConfiguration section */

/* Begin XCConfigurationList section */
		35C82D672C82257D008D6047 /* Build configuration list for PBXProject "FortniteApp" */ = {
			isa = XCConfigurationList;
			buildConfigurations = (
				35C82D7E2C82257E008D6047 /* Debug */,
				35C82D7F2C82257E008D6047 /* Release */,
			);
			defaultConfigurationIsVisible = 0;
			defaultConfigurationName = Release;
		};
		35C82D802C82257E008D6047 /* Build configuration list for PBXNativeTarget "FortniteApp" */ = {
			isa = XCConfigurationList;
			buildConfigurations = (
				35C82D812C82257E008D6047 /* Debug */,
				35C82D822C82257E008D6047 /* Release */,
			);
			defaultConfigurationIsVisible = 0;
			defaultConfigurationName = Release;
		};
/* End XCConfigurationList section */
	};
	rootObject = 35C82D642C82257D008D6047 /* Project object */;
}
